Microsoft Visual Studio Solution File, Format Version 12.00
# Visual Studio Version 17
VisualStudioVersion = 17.5.2.0
MinimumVisualStudioVersion = 10.0.40219.1
Project("{FAE04EC0-301F-11D3-BF4B-00C04F79EFBC}") = "LinksInChat", "LinksInChat.csproj", "{3F98DA99-99F0-8110-7F41-C7E3E2A5981E}"
EndProject
Global
	GlobalSection(SolutionConfigurationPlatforms) = preSolution
		Debug|Any CPU = Debug|Any CPU
		Release|Any CPU = Release|Any CPU
	EndGlobalSection
	GlobalSection(ProjectConfigurationPlatforms) = postSolution
		{3F98DA99-99F0-8110-7F41-C7E3E2A5981E}.Debug|Any CPU.ActiveCfg = Debug|Any CPU
		{3F98DA99-99F0-8110-7F41-C7E3E2A5981E}.Debug|Any CPU.Build.0 = Debug|Any CPU
		{3F98DA99-99F0-8110-7F41-C7E3E2A5981E}.Release|Any CPU.ActiveCfg = Release|Any CPU
		{3F98DA99-99F0-8110-7F41-C7E3E2A5981E}.Release|Any CPU.Build.0 = Release|Any CPU
	EndGlobalSection
	GlobalSection(SolutionProperties) = preSolution
		HideSolutionNode = FALSE
	EndGlobalSection
	GlobalSection(ExtensibilityGlobals) = postSolution
		SolutionGuid = {DF72D7D8-BE09-4799-9E40-7B94DD8C2011}
	EndGlobalSection
EndGlobal
